
Microsoft Visual Studio Solution File, Format Version 12.00
# Visual Studio Version 16
VisualStudioVersion = 16.0.28407.52
MinimumVisualStudioVersion = 10.0.40219.1
Project("{9A19103F-16F7-4668-BE54-9A1E7A4F7556}") = "certcentral.web", "certcentral.web\certcentral.web.csproj", "{45C5046A-0462-4A68-9C23-D0D9CF4EDD40}"
EndProject
Global
	GlobalSection(SolutionConfigurationPlatforms) = preSolution
		Debug|Any CPU = Debug|Any CPU
		Release|Any CPU = Release|Any CPU
	EndGlobalSection
	GlobalSection(ProjectConfigurationPlatforms) = postSolution
		{45C5046A-0462-4A68-9C23-D0D9CF4EDD40}.Debug|Any CPU.ActiveCfg = Debug|Any CPU
		{45C5046A-0462-4A68-9C23-D0D9CF4EDD40}.Debug|Any CPU.Build.0 = Debug|Any CPU
		{45C5046A-0462-4A68-9C23-D0D9CF4EDD40}.Release|Any CPU.ActiveCfg = Release|Any CPU
		{45C5046A-0462-4A68-9C23-D0D9CF4EDD40}.Release|Any CPU.Build.0 = Release|Any CPU
	EndGlobalSection
	GlobalSection(SolutionProperties) = preSolution
		HideSolutionNode = FALSE
	EndGlobalSection
	GlobalSection(ExtensibilityGlobals) = postSolution
		SolutionGuid = {CB40C497-8CF0-496E-A2FF-EEA626D0F2F8}
	EndGlobalSection
EndGlobal
